{
  "nodes": {
    "nixpkgs": {
      "locked": {
        "lastModified": 1692816035,
        "narHash": "sha256-6m+wz/UGvBCL6TsvuHdfMCvL4s1cTKYgv//wZcg7oBM=",
        "owner": "arianvp",
        "repo": "nixpkgs",
        "rev": "df055ee09a6941d6182d03c16374b87bff6989de",
        "type": "github"
      },
      "original": {
        "owner": "arianvp",
        "ref": "gpt-auto",
        "repo": "nixpkgs",
        "type": "github"
      }
    },
    "root": {
      "inputs": {
        "nixpkgs": "nixpkgs"
      }
    }
  },
  "root": "root",
  "version": 7
}
