{
  "nodes": {
    "nixpkgs": {
      "locked": {
        "lastModified": 1684698729,
        "narHash": "sha256-eFX+g0JNHYDuoGq3XvT+360UDIzRGFWcHh0il6rGz7g=",
        "path": "/nix/store/gl4rfmb2xhp4yqsmjqrgpxfrlpsg91vn-source",
        "rev": "9356eead97d8d16956b0226d78f76bd66e06cb60",
        "type": "path"
      },
      "original": {
        "id": "nixpkgs",
        "type": "indirect"
      }
    },
    "root": {
      "inputs": {
        "nixpkgs": "nixpkgs"
      }
    }
  },
  "root": "root",
  "version": 7
}
