{
  "nodes": {
    "nixpkgs": {
      "locked": {
        "lastModified": 1690538549,
        "narHash": "sha256-FfScFHxidupVGPw9BrQOHz/SoFLRjoNmVC5ymS+g8xU=",
        "owner": "NixOS",
        "repo": "nixpkgs",
        "rev": "de5ca86149b0c4ff8bf69782cd25896fff0254e1",
        "type": "github"
      },
      "original": {
        "owner": "NixOS",
        "repo": "nixpkgs",
        "type": "github"
      }
    },
    "root": {
      "inputs": {
        "nixpkgs": "nixpkgs"
      }
    }
  },
  "root": "root",
  "version": 7
}
